// !$*UTF8*$!
{
	archiveVersion = 1;
	classes = {
	};
	objectVersion = 55;
	objects = {

/* Begin PBXBuildFile section */
		2A9A91392936E9E900A101C4 /* braille_watchApp.swift in Sources */ = {isa = PBXBuildFile; fileRef = 2A9A91382936E9E900A101C4 /* braille_watchApp.swift */; };
		2A9A913B2936E9E900A101C4 /* ContentView.swift in Sources */ = {isa = PBXBuildFile; fileRef = 2A9A913A2936E9E900A101C4 /* ContentView.swift */; };
		2A9A913D2936E9EA00A101C4 /* Assets.xcassets in Resources */ = {isa = PBXBuildFile; fileRef = 2A9A913C2936E9EA00A101C4 /* Assets.xcassets */; };
		2A9A91402936E9EA00A101C4 /* Preview Assets.xcassets in Resources */ = {isa = PBXBuildFile; fileRef = 2A9A913F2936E9EA00A101C4 /* Preview Assets.xcassets */; };
		2AB01DB9287EA53E00F7D27E /* AppDelegate.swift in Sources */ = {isa = PBXBuildFile; fileRef = 2AB01DB8287EA53E00F7D27E /* AppDelegate.swift */; };
		2AB01DBB287EA53E00F7D27E /* SceneDelegate.swift in Sources */ = {isa = PBXBuildFile; fileRef = 2AB01DBA287EA53E00F7D27E /* SceneDelegate.swift */; };
		2AB01DBD287EA53E00F7D27E /* ViewController.swift in Sources */ = {isa = PBXBuildFile; fileRef = 2AB01DBC287EA53E00F7D27E /* ViewController.swift */; };
		2AB01DC0287EA53E00F7D27E /* Main.storyboard in Resources */ = {isa = PBXBuildFile; fileRef = 2AB01DBE287EA53E00F7D27E /* Main.storyboard */; };
		2AB01DC2287EA54000F7D27E /* Assets.xcassets in Resources */ = {isa = PBXBuildFile; fileRef = 2AB01DC1287EA54000F7D27E /* Assets.xcassets */; };
		2AB01DC5287EA54000F7D27E /* LaunchScreen.storyboard in Resources */ = {isa = PBXBuildFile; fileRef = 2AB01DC3287EA54000F7D27E /* LaunchScreen.storyboard */; };
		2AB01DCE287EBE6800F7D27E /* KorToBraille in Frameworks */ = {isa = PBXBuildFile; productRef = 2AB01DCD287EBE6800F7D27E /* KorToBraille */; };
/* End PBXBuildFile section */

/* Begin PBXFileReference section */
		2A9A91362936E9E900A101C4 /* braille watch Watch App.app */ = {isa = PBXFileReference; explicitFileType = wrapper.application; includeInIndex = 0; path = "braille watch Watch App.app"; sourceTree = BUILT_PRODUCTS_DIR; };
		2A9A91382936E9E900A101C4 /* braille_watchApp.swift */ = {isa = PBXFileReference; lastKnownFileType = sourcecode.swift; path = braille_watchApp.swift; sourceTree = "<group>"; };
		2A9A913A2936E9E900A101C4 /* ContentView.swift */ = {isa = PBXFileReference; lastKnownFileType = sourcecode.swift; path = ContentView.swift; sourceTree = "<group>"; };
		2A9A913C2936E9EA00A101C4 /* Assets.xcassets */ = {isa = PBXFileReference; lastKnownFileType = folder.assetcatalog; path = Assets.xcassets; sourceTree = "<group>"; };
		2A9A913F2936E9EA00A101C4 /* Preview Assets.xcassets */ = {isa = PBXFileReference; lastKnownFileType = folder.assetcatalog; path = "Preview Assets.xcassets"; sourceTree = "<group>"; };
		2AB01DB5287EA53E00F7D27E /* braille.app */ = {isa = PBXFileReference; explicitFileType = wrapper.application; includeInIndex = 0; path = braille.app; sourceTree = BUILT_PRODUCTS_DIR; };
		2AB01DB8287EA53E00F7D27E /* AppDelegate.swift */ = {isa = PBXFileReference; lastKnownFileType = sourcecode.swift; path = AppDelegate.swift; sourceTree = "<group>"; };
		2AB01DBA287EA53E00F7D27E /* SceneDelegate.swift */ = {isa = PBXFileReference; lastKnownFileType = sourcecode.swift; path = SceneDelegate.swift; sourceTree = "<group>"; };
		2AB01DBC287EA53E00F7D27E /* ViewController.swift */ = {isa = PBXFileReference; lastKnownFileType = sourcecode.swift; path = ViewController.swift; sourceTree = "<group>"; };
		2AB01DBF287EA53E00F7D27E /* Base */ = {isa = PBXFileReference; lastKnownFileType = file.storyboard; name = Base; path = Base.lproj/Main.storyboard; sourceTree = "<group>"; };
		2AB01DC1287EA54000F7D27E /* Assets.xcassets */ = {isa = PBXFileReference; lastKnownFileType = folder.assetcatalog; path = Assets.xcassets; sourceTree = "<group>"; };
		2AB01DC4287EA54000F7D27E /* Base */ = {isa = PBXFileReference; lastKnownFileType = file.storyboard; name = Base; path = Base.lproj/LaunchScreen.storyboard; sourceTree = "<group>"; };
		2AB01DC6287EA54000F7D27E /* Info.plist */ = {isa = PBXFileReference; lastKnownFileType = text.plist.xml; path = Info.plist; sourceTree = "<group>"; };
/* End PBXFileReference section */

/* Begin PBXFrameworksBuildPhase section */
		2A9A91332936E9E900A101C4 /* Frameworks */ = {
			isa = PBXFrameworksBuildPhase;
			buildActionMask = 2147483647;
			files = (
			);
			runOnlyForDeploymentPostprocessing = 0;
		};
		2AB01DB2287EA53E00F7D27E /* Frameworks */ = {
			isa = PBXFrameworksBuildPhase;
			buildActionMask = 2147483647;
			files = (
				2AB01DCE287EBE6800F7D27E /* KorToBraille in Frameworks */,
			);
			runOnlyForDeploymentPostprocessing = 0;
		};
/* End PBXFrameworksBuildPhase section */

/* Begin PBXGroup section */
		2A9A91372936E9E900A101C4 /* braille watch Watch App */ = {
			isa = PBXGroup;
			children = (
				2A9A91382936E9E900A101C4 /* braille_watchApp.swift */,
				2A9A913A2936E9E900A101C4 /* ContentView.swift */,
				2A9A913C2936E9EA00A101C4 /* Assets.xcassets */,
				2A9A913E2936E9EA00A101C4 /* Preview Content */,
			);
			path = "braille watch Watch App";
			sourceTree = "<group>";
		};
		2A9A913E2936E9EA00A101C4 /* Preview Content */ = {
			isa = PBXGroup;
			children = (
				2A9A913F2936E9EA00A101C4 /* Preview Assets.xcassets */,
			);
			path = "Preview Content";
			sourceTree = "<group>";
		};
		2AB01DAC287EA53E00F7D27E = {
			isa = PBXGroup;
			children = (
				2AB01DB7287EA53E00F7D27E /* braille */,
				2A9A91372936E9E900A101C4 /* braille watch Watch App */,
				2AB01DB6287EA53E00F7D27E /* Products */,
			);
			sourceTree = "<group>";
		};
		2AB01DB6287EA53E00F7D27E /* Products */ = {
			isa = PBXGroup;
			children = (
				2AB01DB5287EA53E00F7D27E /* braille.app */,
				2A9A91362936E9E900A101C4 /* braille watch Watch App.app */,
			);
			name = Products;
			sourceTree = "<group>";
		};
		2AB01DB7287EA53E00F7D27E /* braille */ = {
			isa = PBXGroup;
			children = (
				2AB01DB8287EA53E00F7D27E /* AppDelegate.swift */,
				2AB01DBA287EA53E00F7D27E /* SceneDelegate.swift */,
				2AB01DBC287EA53E00F7D27E /* ViewController.swift */,
				2AB01DBE287EA53E00F7D27E /* Main.storyboard */,
				2AB01DC1287EA54000F7D27E /* Assets.xcassets */,
				2AB01DC3287EA54000F7D27E /* LaunchScreen.storyboard */,
				2AB01DC6287EA54000F7D27E /* Info.plist */,
			);
			path = braille;
			sourceTree = "<group>";
		};
/* End PBXGroup section */

/* Begin PBXNativeTarget section */
		2A9A91352936E9E900A101C4 /* braille watch Watch App */ = {
			isa = PBXNativeTarget;
			buildConfigurationList = 2A9A91432936E9EA00A101C4 /* Build configuration list for PBXNativeTarget "braille watch Watch App" */;
			buildPhases = (
				2A9A91322936E9E900A101C4 /* Sources */,
				2A9A91332936E9E900A101C4 /* Frameworks */,
				2A9A91342936E9E900A101C4 /* Resources */,
			);
			buildRules = (
			);
			dependencies = (
			);
			name = "braille watch Watch App";
			productName = "braille watch Watch App";
			productReference = 2A9A91362936E9E900A101C4 /* braille watch Watch App.app */;
			productType = "com.apple.product-type.application";
		};
		2AB01DB4287EA53E00F7D27E /* braille */ = {
			isa = PBXNativeTarget;
			buildConfigurationList = 2AB01DC9287EA54000F7D27E /* Build configuration list for PBXNativeTarget "braille" */;
			buildPhases = (
				2AB01DB1287EA53E00F7D27E /* Sources */,
				2AB01DB2287EA53E00F7D27E /* Frameworks */,
				2AB01DB3287EA53E00F7D27E /* Resources */,
			);
			buildRules = (
			);
			dependencies = (
			);
			name = braille;
			packageProductDependencies = (
				2AB01DCD287EBE6800F7D27E /* KorToBraille */,
			);
			productName = braille;
			productReference = 2AB01DB5287EA53E00F7D27E /* braille.app */;
			productType = "com.apple.product-type.application";
		};
/* End PBXNativeTarget section */

/* Begin PBXProject section */
		2AB01DAD287EA53E00F7D27E /* Project object */ = {
			isa = PBXProject;
			attributes = {
				BuildIndependentTargetsInParallel = 1;
				LastSwiftUpdateCheck = 1410;
				LastUpgradeCheck = 1340;
				TargetAttributes = {
					2A9A91352936E9E900A101C4 = {
						CreatedOnToolsVersion = 14.1;
					};
					2AB01DB4287EA53E00F7D27E = {
						CreatedOnToolsVersion = 13.4.1;
					};
				};
			};
			buildConfigurationList = 2AB01DB0287EA53E00F7D27E /* Build configuration list for PBXProject "braille" */;
			compatibilityVersion = "Xcode 13.0";
			developmentRegion = en;
			hasScannedForEncodings = 0;
			knownRegions = (
				en,
				Base,
			);
			mainGroup = 2AB01DAC287EA53E00F7D27E;
			packageReferences = (
				2AB01DCC287EBE6800F7D27E /* XCRemoteSwiftPackageReference "KorToBraille" */,
			);
			productRefGroup = 2AB01DB6287EA53E00F7D27E /* Products */;
			projectDirPath = "";
			projectRoot = "";
			targets = (
				2AB01DB4287EA53E00F7D27E /* braille */,
				2A9A91352936E9E900A101C4 /* braille watch Watch App */,
			);
		};
/* End PBXProject section */

/* Begin PBXResourcesBuildPhase section */
		2A9A91342936E9E900A101C4 /* Resources */ = {
			isa = PBXResourcesBuildPhase;
			buildActionMask = 2147483647;
			files = (
				2A9A91402936E9EA00A101C4 /* Preview Assets.xcassets in Resources */,
				2A9A913D2936E9EA00A101C4 /* Assets.xcassets in Resources */,
			);
			runOnlyForDeploymentPostprocessing = 0;
		};
		2AB01DB3287EA53E00F7D27E /* Resources */ = {
			isa = PBXResourcesBuildPhase;
			buildActionMask = 2147483647;
			files = (
				2AB01DC5287EA54000F7D27E /* LaunchScreen.storyboard in Resources */,
				2AB01DC2287EA54000F7D27E /* Assets.xcassets in Resources */,
				2AB01DC0287EA53E00F7D27E /* Main.storyboard in Resources */,
			);
			runOnlyForDeploymentPostprocessing = 0;
		};
/* End PBXResourcesBuildPhase section */

/* Begin PBXSourcesBuildPhase section */
		2A9A91322936E9E900A101C4 /* Sources */ = {
			isa = PBXSourcesBuildPhase;
			buildActionMask = 2147483647;
			files = (
				2A9A913B2936E9E900A101C4 /* ContentView.swift in Sources */,
				2A9A91392936E9E900A101C4 /* braille_watchApp.swift in Sources */,
			);
			runOnlyForDeploymentPostprocessing = 0;
		};
		2AB01DB1287EA53E00F7D27E /* Sources */ = {
			isa = PBXSourcesBuildPhase;
			buildActionMask = 2147483647;
			files = (
				2AB01DBD287EA53E00F7D27E /* ViewController.swift in Sources */,
				2AB01DB9287EA53E00F7D27E /* AppDelegate.swift in Sources */,
				2AB01DBB287EA53E00F7D27E /* SceneDelegate.swift in Sources */,
			);
			runOnlyForDeploymentPostprocessing = 0;
		};
/* End PBXSourcesBuildPhase section */

/* Begin PBXVariantGroup section */
		2AB01DBE287EA53E00F7D27E /* Main.storyboard */ = {
			isa = PBXVariantGroup;
			children = (
				2AB01DBF287EA53E00F7D27E /* Base */,
			);
			name = Main.storyboard;
			sourceTree = "<group>";
		};
		2AB01DC3287EA54000F7D27E /* LaunchScreen.storyboard */ = {
			isa = PBXVariantGroup;
			children = (
				2AB01DC4287EA54000F7D27E /* Base */,
			);
			name = LaunchScreen.storyboard;
			sourceTree = "<group>";
		};
/* End PBXVariantGroup section */

/* Begin XCBuildConfiguration section */
		2A9A91412936E9EA00A101C4 /* Debug */ = {
			isa = XCBuildConfiguration;
			buildSettings = {
				ASSETCATALOG_COMPILER_APPICON_NAME = AppIcon;
				ASSETCATALOG_COMPILER_GLOBAL_ACCENT_COLOR_NAME = AccentColor;
				CLANG_CXX_LANGUAGE_STANDARD = "gnu++20";
				CODE_SIGN_STYLE = Automatic;
				CURRENT_PROJECT_VERSION = 1;
				DEVELOPMENT_ASSET_PATHS = "\"braille watch Watch App/Preview Content\"";
				DEVELOPMENT_TEAM = 39JATSZXJT;
				ENABLE_PREVIEWS = YES;
				GENERATE_INFOPLIST_FILE = YES;
				INFOPLIST_KEY_CFBundleDisplayName = "braille watch";
				INFOPLIST_KEY_UISupportedInterfaceOrientations = "UIInterfaceOrientationPortrait UIInterfaceOrientationPortraitUpsideDown";
				INFOPLIST_KEY_WKCompanionAppBundleIdentifier = "";
				LD_RUNPATH_SEARCH_PATHS = (
					"$(inherited)",
					"@executable_path/Frameworks",
				);
				MARKETING_VERSION = 1.0;
				PRODUCT_BUNDLE_IDENTIFIER = .watchkitapp;
				PRODUCT_NAME = "$(TARGET_NAME)";
				SDKROOT = watchos;
				SKIP_INSTALL = YES;
				SWIFT_EMIT_LOC_STRINGS = YES;
				SWIFT_VERSION = 5.0;
				TARGETED_DEVICE_FAMILY = 4;
				WATCHOS_DEPLOYMENT_TARGET = 9.1;
			};
			name = Debug;
		};
		2A9A91422936E9EA00A101C4 /* Release */ = {
			isa = XCBuildConfiguration;
			buildSettings = {
				ASSETCATALOG_COMPILER_APPICON_NAME = AppIcon;
				ASSETCATALOG_COMPILER_GLOBAL_ACCENT_COLOR_NAME = AccentColor;
				CLANG_CXX_LANGUAGE_STANDARD = "gnu++20";
				CODE_SIGN_STYLE = Automatic;
				CURRENT_PROJECT_VERSION = 1;
				DEVELOPMENT_ASSET_PATHS = "\"braille watch Watch App/Preview Content\"";
				DEVELOPMENT_TEAM = 39JATSZXJT;
				ENABLE_PREVIEWS = YES;
				GENERATE_INFOPLIST_FILE = YES;
				INFOPLIST_KEY_CFBundleDisplayName = "braille watch";
				INFOPLIST_KEY_UISupportedInterfaceOrientations = "UIInterfaceOrientationPortrait UIInterfaceOrientationPortraitUpsideDown";
				INFOPLIST_KEY_WKCompanionAppBundleIdentifier = "";
				LD_RUNPATH_SEARCH_PATHS = (
					"$(inherited)",
					"@executable_path/Frameworks",
				);
				MARKETING_VERSION = 1.0;
				PRODUCT_BUNDLE_IDENTIFIER = .watchkitapp;
				PRODUCT_NAME = "$(TARGET_NAME)";
				SDKROOT = watchos;
				SKIP_INSTALL = YES;
				SWIFT_EMIT_LOC_STRINGS = YES;
				SWIFT_VERSION = 5.0;
				TARGETED_DEVICE_FAMILY = 4;
				WATCHOS_DEPLOYMENT_TARGET = 9.1;
			};
			name = Release;
		};
		2AB01DC7287EA54000F7D27E /* Debug */ = {
			isa = XCBuildConfiguration;
			buildSettings = {
				ALWAYS_SEARCH_USER_PATHS = NO;
				CLANG_ANALYZER_NONNULL = YES;
				CLANG_ANALYZER_NUMBER_OBJECT_CONVERSION = YES_AGGRESSIVE;
				CLANG_CXX_LANGUAGE_STANDARD = "gnu++17";
				CLANG_ENABLE_MODULES = YES;
				CLANG_ENABLE_OBJC_ARC = YES;
				CLANG_ENABLE_OBJC_WEAK = YES;
				CLANG_WARN_BLOCK_CAPTURE_AUTORELEASING = YES;
				CLANG_WARN_BOOL_CONVERSION = YES;
				CLANG_WARN_COMMA = YES;
				CLANG_WARN_CONSTANT_CONVERSION = YES;
				CLANG_WARN_DEPRECATED_OBJC_IMPLEMENTATIONS = YES;
				CLANG_WARN_DIRECT_OBJC_ISA_USAGE = YES_ERROR;
				CLANG_WARN_DOCUMENTATION_COMMENTS = YES;
				CLANG_WARN_EMPTY_BODY = YES;
				CLANG_WARN_ENUM_CONVERSION = YES;
				CLANG_WARN_INFINITE_RECURSION = YES;
				CLANG_WARN_INT_CONVERSION = YES;
				CLANG_WARN_NON_LITERAL_NULL_CONVERSION = YES;
				CLANG_WARN_OBJC_IMPLICIT_RETAIN_SELF = YES;
				CLANG_WARN_OBJC_LITERAL_CONVERSION = YES;
				CLANG_WARN_OBJC_ROOT_CLASS = YES_ERROR;
				CLANG_WARN_QUOTED_INCLUDE_IN_FRAMEWORK_HEADER = YES;
				CLANG_WARN_RANGE_LOOP_ANALYSIS = YES;
				CLANG_WARN_STRICT_PROTOTYPES = YES;
				CLANG_WARN_SUSPICIOUS_MOVE = YES;
				CLANG_WARN_UNGUARDED_AVAILABILITY = YES_AGGRESSIVE;
				CLANG_WARN_UNREACHABLE_CODE = YES;
				CLANG_WARN__DUPLICATE_METHOD_MATCH = YES;
				COPY_PHASE_STRIP = NO;
				DEBUG_INFORMATION_FORMAT = dwarf;
				ENABLE_STRICT_OBJC_MSGSEND = YES;
				ENABLE_TESTABILITY = YES;
				GCC_C_LANGUAGE_STANDARD = gnu11;
				GCC_DYNAMIC_NO_PIC = NO;
				GCC_NO_COMMON_BLOCKS = YES;
				GCC_OPTIMIZATION_LEVEL = 0;
				GCC_PREPROCESSOR_DEFINITIONS = (
					"DEBUG=1",
					"$(inherited)",
				);
				GCC_WARN_64_TO_32_BIT_CONVERSION = YES;
				GCC_WARN_ABOUT_RETURN_TYPE = YES_ERROR;
				GCC_WARN_UNDECLARED_SELECTOR = YES;
				GCC_WARN_UNINITIALIZED_AUTOS = YES_AGGRESSIVE;
				GCC_WARN_UNUSED_FUNCTION = YES;
				GCC_WARN_UNUSED_VARIABLE = YES;
				IPHONEOS_DEPLOYMENT_TARGET = 15.5;
				MTL_ENABLE_DEBUG_INFO = INCLUDE_SOURCE;
				MTL_FAST_MATH = YES;
				ONLY_ACTIVE_ARCH = YES;
				SDKROOT = iphoneos;
				SWIFT_ACTIVE_COMPILATION_CONDITIONS = DEBUG;
				SWIFT_OPTIMIZATION_LEVEL = "-Onone";
			};
			name = Debug;
		};
		2AB01DC8287EA54000F7D27E /* Release */ = {
			isa = XCBuildConfiguration;
			buildSettings = {
				ALWAYS_SEARCH_USER_PATHS = NO;
				CLANG_ANALYZER_NONNULL = YES;
				CLANG_ANALYZER_NUMBER_OBJECT_CONVERSION = YES_AGGRESSIVE;
				CLANG_CXX_LANGUAGE_STANDARD = "gnu++17";
				CLANG_ENABLE_MODULES = YES;
				CLANG_ENABLE_OBJC_ARC = YES;
				CLANG_ENABLE_OBJC_WEAK = YES;
				CLANG_WARN_BLOCK_CAPTURE_AUTORELEASING = YES;
				CLANG_WARN_BOOL_CONVERSION = YES;
				CLANG_WARN_COMMA = YES;
				CLANG_WARN_CONSTANT_CONVERSION = YES;
				CLANG_WARN_DEPRECATED_OBJC_IMPLEMENTATIONS = YES;
				CLANG_WARN_DIRECT_OBJC_ISA_USAGE = YES_ERROR;
				CLANG_WARN_DOCUMENTATION_COMMENTS = YES;
				CLANG_WARN_EMPTY_BODY = YES;
				CLANG_WARN_ENUM_CONVERSION = YES;
				CLANG_WARN_INFINITE_RECURSION = YES;
				CLANG_WARN_INT_CONVERSION = YES;
				CLANG_WARN_NON_LITERAL_NULL_CONVERSION = YES;
				CLANG_WARN_OBJC_IMPLICIT_RETAIN_SELF = YES;
				CLANG_WARN_OBJC_LITERAL_CONVERSION = YES;
				CLANG_WARN_OBJC_ROOT_CLASS = YES_ERROR;
				CLANG_WARN_QUOTED_INCLUDE_IN_FRAMEWORK_HEADER = YES;
				CLANG_WARN_RANGE_LOOP_ANALYSIS = YES;
				CLANG_WARN_STRICT_PROTOTYPES = YES;
				CLANG_WARN_SUSPICIOUS_MOVE = YES;
				CLANG_WARN_UNGUARDED_AVAILABILITY = YES_AGGRESSIVE;
				CLANG_WARN_UNREACHABLE_CODE = YES;
				CLANG_WARN__DUPLICATE_METHOD_MATCH = YES;
				COPY_PHASE_STRIP = NO;
				DEBUG_INFORMATION_FORMAT = "dwarf-with-dsym";
				ENABLE_NS_ASSERTIONS = NO;
				ENABLE_STRICT_OBJC_MSGSEND = YES;
				GCC_C_LANGUAGE_STANDARD = gnu11;
				GCC_NO_COMMON_BLOCKS = YES;
				GCC_WARN_64_TO_32_BIT_CONVERSION = YES;
				GCC_WARN_ABOUT_RETURN_TYPE = YES_ERROR;
				GCC_WARN_UNDECLARED_SELECTOR = YES;
				GCC_WARN_UNINITIALIZED_AUTOS = YES_AGGRESSIVE;
				GCC_WARN_UNUSED_FUNCTION = YES;
				GCC_WARN_UNUSED_VARIABLE = YES;
				IPHONEOS_DEPLOYMENT_TARGET = 15.5;
				MTL_ENABLE_DEBUG_INFO = NO;
				MTL_FAST_MATH = YES;
				SDKROOT = iphoneos;
				SWIFT_COMPILATION_MODE = wholemodule;
				SWIFT_OPTIMIZATION_LEVEL = "-O";
				VALIDATE_PRODUCT = YES;
			};
			name = Release;
		};
		2AB01DCA287EA54000F7D27E /* Debug */ = {
			isa = XCBuildConfiguration;
			buildSettings = {
				ASSETCATALOG_COMPILER_APPICON_NAME = AppIcon;
				ASSETCATALOG_COMPILER_GLOBAL_ACCENT_COLOR_NAME = AccentColor;
				CODE_SIGN_STYLE = Automatic;
				CURRENT_PROJECT_VERSION = 1;
				DEVELOPMENT_TEAM = 39JATSZXJT;
				GENERATE_INFOPLIST_FILE = YES;
				INFOPLIST_FILE = braille/Info.plist;
				INFOPLIST_KEY_UIApplicationSupportsIndirectInputEvents = YES;
				INFOPLIST_KEY_UILaunchStoryboardName = LaunchScreen;
				INFOPLIST_KEY_UIMainStoryboardFile = Main;
				INFOPLIST_KEY_UISupportedInterfaceOrientations_iPad = "UIInterfaceOrientationPortrait UIInterfaceOrientationPortraitUpsideDown UIInterfaceOrientationLandscapeLeft UIInterfaceOrientationLandscapeRight";
				INFOPLIST_KEY_UISupportedInterfaceOrientations_iPhone = "UIInterfaceOrientationPortrait UIInterfaceOrientationLandscapeLeft UIInterfaceOrientationLandscapeRight";
				LD_RUNPATH_SEARCH_PATHS = (
					"$(inherited)",
					"@executable_path/Frameworks",
				);
				MARKETING_VERSION = 1.0;
				PRODUCT_BUNDLE_IDENTIFIER = JD.braille;
				PRODUCT_NAME = "$(TARGET_NAME)";
				SWIFT_EMIT_LOC_STRINGS = YES;
				SWIFT_VERSION = 5.0;
				TARGETED_DEVICE_FAMILY = "1,2";
			};
			name = Debug;
		};
		2AB01DCB287EA54000F7D27E /* Release */ = {
			isa = XCBuildConfiguration;
			buildSettings = {
				ASSETCATALOG_COMPILER_APPICON_NAME = AppIcon;
				ASSETCATALOG_COMPILER_GLOBAL_ACCENT_COLOR_NAME = AccentColor;
				CODE_SIGN_STYLE = Automatic;
				CURRENT_PROJECT_VERSION = 1;
				DEVELOPMENT_TEAM = 39JATSZXJT;
				GENERATE_INFOPLIST_FILE = YES;
				INFOPLIST_FILE = braille/Info.plist;
				INFOPLIST_KEY_UIApplicationSupportsIndirectInputEvents = YES;
				INFOPLIST_KEY_UILaunchStoryboardName = LaunchScreen;
				INFOPLIST_KEY_UIMainStoryboardFile = Main;
				INFOPLIST_KEY_UISupportedInterfaceOrientations_iPad = "UIInterfaceOrientationPortrait UIInterfaceOrientationPortraitUpsideDown UIInterfaceOrientationLandscapeLeft UIInterfaceOrientationLandscapeRight";
				INFOPLIST_KEY_UISupportedInterfaceOrientations_iPhone = "UIInterfaceOrientationPortrait UIInterfaceOrientationLandscapeLeft UIInterfaceOrientationLandscapeRight";
				LD_RUNPATH_SEARCH_PATHS = (
					"$(inherited)",
					"@executable_path/Frameworks",
				);
				MARKETING_VERSION = 1.0;
				PRODUCT_BUNDLE_IDENTIFIER = JD.braille;
				PRODUCT_NAME = "$(TARGET_NAME)";
				SWIFT_EMIT_LOC_STRINGS = YES;
				SWIFT_VERSION = 5.0;
				TARGETED_DEVICE_FAMILY = "1,2";
			};
			name = Release;
		};
/* End XCBuildConfiguration section */

/* Begin XCConfigurationList section */
		2A9A91432936E9EA00A101C4 /* Build configuration list for PBXNativeTarget "braille watch Watch App" */ = {
			isa = XCConfigurationList;
			buildConfigurations = (
				2A9A91412936E9EA00A101C4 /* Debug */,
				2A9A91422936E9EA00A101C4 /* Release */,
			);
			defaultConfigurationIsVisible = 0;
			defaultConfigurationName = Release;
		};
		2AB01DB0287EA53E00F7D27E /* Build configuration list for PBXProject "braille" */ = {
			isa = XCConfigurationList;
			buildConfigurations = (
				2AB01DC7287EA54000F7D27E /* Debug */,
				2AB01DC8287EA54000F7D27E /* Release */,
			);
			defaultConfigurationIsVisible = 0;
			defaultConfigurationName = Release;
		};
		2AB01DC9287EA54000F7D27E /* Build configuration list for PBXNativeTarget "braille" */ = {
			isa = XCConfigurationList;
			buildConfigurations = (
				2AB01DCA287EA54000F7D27E /* Debug */,
				2AB01DCB287EA54000F7D27E /* Release */,
			);
			defaultConfigurationIsVisible = 0;
			defaultConfigurationName = Release;
		};
/* End XCConfigurationList section */

/* Begin XCRemoteSwiftPackageReference section */
		2AB01DCC287EBE6800F7D27E /* XCRemoteSwiftPackageReference "KorToBraille" */ = {
			isa = XCRemoteSwiftPackageReference;
			repositoryURL = "https://github.com/Bridge-NOONGIL/KorToBraille";
			requirement = {
				kind = upToNextMajorVersion;
				minimumVersion = 1.0.0;
			};
		};
/* End XCRemoteSwiftPackageReference section */

/* Begin XCSwiftPackageProductDependency section */
		2AB01DCD287EBE6800F7D27E /* KorToBraille */ = {
			isa = XCSwiftPackageProductDependency;
			package = 2AB01DCC287EBE6800F7D27E /* XCRemoteSwiftPackageReference "KorToBraille" */;
			productName = KorToBraille;
		};
/* End XCSwiftPackageProductDependency section */
	};
	rootObject = 2AB01DAD287EA53E00F7D27E /* Project object */;
}
